{
  "name": "BerryBliss",
  "lockfileVersion": 2,
  "requires": true,
  "packages": {
    "": {
      "dependencies": {
        "router-dom": "^2.2.11"
      }
    },
    "node_modules/hydro-js": {
      "version": "1.5.18",
      "resolved": "https://registry.npmjs.org/hydro-js/-/hydro-js-1.5.18.tgz",
      "integrity": "sha512-jp7R4PQ4nrZd4Us9p2DfkaP7F98I/C9jfGaotU9bWtRAWoJYgFKBjSEzAwETJw1xzn92Ngv2MsFssF2w7TpKmg=="
    },
    "node_modules/path-to-regexp": {
      "version": "6.2.1",
      "resolved": "https://registry.npmjs.org/path-to-regexp/-/path-to-regexp-6.2.1.tgz",
      "integrity": "sha512-JLyh7xT1kizaEvcaXOQwOc2/Yhw6KZOvPf1S8401UyLk86CU79LN3vl7ztXGm/pZ+YjoyAJ4rxmHwbkBXJX+yw=="
    },
    "node_modules/router-dom": {
      "version": "2.2.11",
      "resolved": "https://registry.npmjs.org/router-dom/-/router-dom-2.2.11.tgz",
      "integrity": "sha512-prvwl6Ux6LQPgmlC7yDhbaItOt/7hcOlit5ZUcn2RxzYRcceaPVRFSHv8eigdpXw1poS0VwErltHHtuJnRW2JQ==",
      "dependencies": {
        "hydro-js": "^1.5.14",
        "path-to-regexp": "^6.2.1"
      }
    }
  },
  "dependencies": {
    "hydro-js": {
      "version": "1.5.18",
      "resolved": "https://registry.npmjs.org/hydro-js/-/hydro-js-1.5.18.tgz",
      "integrity": "sha512-jp7R4PQ4nrZd4Us9p2DfkaP7F98I/C9jfGaotU9bWtRAWoJYgFKBjSEzAwETJw1xzn92Ngv2MsFssF2w7TpKmg=="
    },
    "path-to-regexp": {
      "version": "6.2.1",
      "resolved": "https://registry.npmjs.org/path-to-regexp/-/path-to-regexp-6.2.1.tgz",
      "integrity": "sha512-JLyh7xT1kizaEvcaXOQwOc2/Yhw6KZOvPf1S8401UyLk86CU79LN3vl7ztXGm/pZ+YjoyAJ4rxmHwbkBXJX+yw=="
    },
    "router-dom": {
      "version": "2.2.11",
      "resolved": "https://registry.npmjs.org/router-dom/-/router-dom-2.2.11.tgz",
      "integrity": "sha512-prvwl6Ux6LQPgmlC7yDhbaItOt/7hcOlit5ZUcn2RxzYRcceaPVRFSHv8eigdpXw1poS0VwErltHHtuJnRW2JQ==",
      "requires": {
        "hydro-js": "^1.5.14",
        "path-to-regexp": "^6.2.1"
      }
    }
  }
}
